
Microsoft Visual Studio Solution File, Format Version 12.00
# Visual Studio 14
VisualStudioVersion = 14.0.25420.1
MinimumVisualStudioVersion = 10.0.40219.1
Project("{FAE04EC0-301F-11D3-BF4B-00C04F79EFBC}") = "CodePractice", "CodePractice\CodePractice.csproj", "{FBF62EEB-AA78-4F41-A2E7-1F755F1402B3}"
EndProject
Project("{2150E333-8FDC-42A3-9474-1A3956D46DE8}") = "src", "src", "{6FB760ED-DAC4-4C02-B84B-DC5CD838D31E}"
EndProject
Project("{2150E333-8FDC-42A3-9474-1A3956D46DE8}") = "Tests", "Tests", "{254C0225-0E07-4B19-98EB-235C7AA6073A}"
EndProject
Project("{FAE04EC0-301F-11D3-BF4B-00C04F79EFBC}") = "UnitTestForCodePractice", "UnitTestForCodePractice\UnitTestForCodePractice.csproj", "{704700F3-6780-40B3-B111-760A0BC134A1}"
EndProject
Global
	GlobalSection(SolutionConfigurationPlatforms) = preSolution
		Debug|Any CPU = Debug|Any CPU
		Release|Any CPU = Release|Any CPU
	EndGlobalSection
	GlobalSection(ProjectConfigurationPlatforms) = postSolution
		{FBF62EEB-AA78-4F41-A2E7-1F755F1402B3}.Debug|Any CPU.ActiveCfg = Debug|Any CPU
		{FBF62EEB-AA78-4F41-A2E7-1F755F1402B3}.Debug|Any CPU.Build.0 = Debug|Any CPU
		{FBF62EEB-AA78-4F41-A2E7-1F755F1402B3}.Release|Any CPU.ActiveCfg = Release|Any CPU
		{FBF62EEB-AA78-4F41-A2E7-1F755F1402B3}.Release|Any CPU.Build.0 = Release|Any CPU
		{704700F3-6780-40B3-B111-760A0BC134A1}.Debug|Any CPU.ActiveCfg = Debug|Any CPU
		{704700F3-6780-40B3-B111-760A0BC134A1}.Debug|Any CPU.Build.0 = Debug|Any CPU
		{704700F3-6780-40B3-B111-760A0BC134A1}.Release|Any CPU.ActiveCfg = Release|Any CPU
		{704700F3-6780-40B3-B111-760A0BC134A1}.Release|Any CPU.Build.0 = Release|Any CPU
	EndGlobalSection
	GlobalSection(SolutionProperties) = preSolution
		HideSolutionNode = FALSE
	EndGlobalSection
	GlobalSection(NestedProjects) = preSolution
		{FBF62EEB-AA78-4F41-A2E7-1F755F1402B3} = {6FB760ED-DAC4-4C02-B84B-DC5CD838D31E}
		{704700F3-6780-40B3-B111-760A0BC134A1} = {254C0225-0E07-4B19-98EB-235C7AA6073A}
	EndGlobalSection
EndGlobal
